
Microsoft Visual Studio Solution File, Format Version 12.00
# Visual Studio Version 18
VisualStudioVersion = 18.4.11605.240 stable
MinimumVisualStudioVersion = 10.0.40219.1
Project("{2150E333-8FDC-42A3-9474-1A3956D46DE8}") = "src", "src", "{827E0CD3-B72D-47B6-A68D-7590B98EB39B}"
EndProject
Project("{FAE04EC0-301F-11D3-BF4B-00C04F79EFBC}") = "Plugin.Abstractions", "src\Plugin.Abstractions\Plugin.Abstractions.csproj", "{992B4B99-AE66-4294-83DD-30D51B41E31E}"
EndProject
Project("{FAE04EC0-301F-11D3-BF4B-00C04F79EFBC}") = "Plugin.Host", "src\Plugin.Host\Plugin.Host.csproj", "{B4C821C9-4C4D-4F33-8BDF-C1963D5FAE21}"
EndProject
Project("{FAE04EC0-301F-11D3-BF4B-00C04F79EFBC}") = "Intune.Services", "src\Intune.Services\Intune.Services.csproj", "{C9C1BFD8-085C-44E6-ACAF-1EC55DB9329B}"
EndProject
Project("{FAE04EC0-301F-11D3-BF4B-00C04F79EFBC}") = "Host.Wpf", "src\Host.Wpf\Host.Wpf.csproj", "{427AFC44-9670-4DCC-ABB3-A96C08CA5713}"
EndProject
Project("{FAE04EC0-301F-11D3-BF4B-00C04F79EFBC}") = "Plugins.DeviceOverview", "src\Plugins.DeviceOverview\Plugins.DeviceOverview.csproj", "{16F9E198-8C57-4AEE-A08C-7F6BF6A82FD6}"
EndProject
Project("{FAE04EC0-301F-11D3-BF4B-00C04F79EFBC}") = "Plugins.DeviceActions", "src\Plugins.DeviceActions\Plugins.DeviceActions.csproj", "{5DF640C0-FDBD-4D66-A5C5-81C5DC2A7709}"
EndProject
Project("{2150E333-8FDC-42A3-9474-1A3956D46DE8}") = "tests", "tests", "{0AB3BF05-4346-4AA6-1389-037BE0695223}"
EndProject
Project("{FAE04EC0-301F-11D3-BF4B-00C04F79EFBC}") = "Plugin.Host.Tests", "tests\Plugin.Host.Tests\Plugin.Host.Tests.csproj", "{2F24877B-884E-4B5D-A668-AF9EB5A8C733}"
EndProject
Project("{FAE04EC0-301F-11D3-BF4B-00C04F79EFBC}") = "Host.Wpf.Tests", "tests\Host.Wpf.Tests\Host.Wpf.Tests.csproj", "{9A0A4D26-8D93-4B1A-9B19-3AF1C77E3D21}"
EndProject
Project("{FAE04EC0-301F-11D3-BF4B-00C04F79EFBC}") = "Plugins.WindowsUpdateAgent", "src\Plugins.WindowsUpdateAgent\Plugins.WindowsUpdateAgent.csproj", "{A02F5DD7-EA0F-43E2-B3DB-2446E4C6EC69}"
EndProject
Project("{FAE04EC0-301F-11D3-BF4B-00C04F79EFBC}") = "Plugins.IntuneAgent", "src\Plugins.IntuneAgent\Plugins.IntuneAgent.csproj", "{307B721B-1225-4F81-8676-2B546E80A126}"
EndProject
Project("{FAE04EC0-301F-11D3-BF4B-00C04F79EFBC}") = "Intune.Services.Tests", "tests\Intune.Services.Tests\Intune.Services.Tests.csproj", "{15068351-2806-4E68-A1A1-88189F867046}"
EndProject
Project("{FAE04EC0-301F-11D3-BF4B-00C04F79EFBC}") = "Plugins.IntuneAgent.Tests", "tests\Plugins.IntuneAgent.Tests\Plugins.IntuneAgent.Tests.csproj", "{53D38F46-1779-4E83-B47B-B8127BD305A7}"
EndProject
Project("{FAE04EC0-301F-11D3-BF4B-00C04F79EFBC}") = "Shared.Diagnostics", "src\Shared.Diagnostics\Shared.Diagnostics.csproj", "{E255315C-B6D7-4541-B8D3-D4016B79A620}"
EndProject
Project("{FAE04EC0-301F-11D3-BF4B-00C04F79EFBC}") = "Defender.Contracts", "src\Defender.Contracts\Defender.Contracts.csproj", "{13FC5F72-165D-477E-BE98-05DAD3042CF2}"
EndProject
Project("{FAE04EC0-301F-11D3-BF4B-00C04F79EFBC}") = "Plugins.WindowsDefenderAgent", "src\Plugins.WindowsDefenderAgent\Plugins.WindowsDefenderAgent.csproj", "{D6462EB5-C37B-4187-8265-6458EFBD68F6}"
EndProject
Project("{FAE04EC0-301F-11D3-BF4B-00C04F79EFBC}") = "Plugins.WindowsDefenderAgent.Tests", "tests\Plugins.WindowsDefenderAgent.Tests\Plugins.WindowsDefenderAgent.Tests.csproj", "{D2814F9F-967B-4A86-BD37-E3D4560D3416}"
EndProject
Project("{FAE04EC0-301F-11D3-BF4B-00C04F79EFBC}") = "Plugins.BitLockerAgent", "src\Plugins.BitLockerAgent\Plugins.BitLockerAgent.csproj", "{6DBF9357-CB6E-4B95-A503-FA20C105EA55}"
EndProject
Project("{FAE04EC0-301F-11D3-BF4B-00C04F79EFBC}") = "Plugins.BitLockerAgent.Tests", "tests\Plugins.BitLockerAgent.Tests\Plugins.BitLockerAgent.Tests.csproj", "{D4CD6225-9C64-420B-B8A7-B8D349E354FC}"
EndProject
Project("{FAE04EC0-301F-11D3-BF4B-00C04F79EFBC}") = "Plugins.PowerShellScripts", "src\Plugins.PowerShellScripts\Plugins.PowerShellScripts.csproj", "{7F25EBB0-84C3-4C76-8405-A71390CE9E01}"
EndProject
Project("{FAE04EC0-301F-11D3-BF4B-00C04F79EFBC}") = "Plugins.PowerShellScripts.Tests", "tests\Plugins.PowerShellScripts.Tests\Plugins.PowerShellScripts.Tests.csproj", "{BF7AE29B-77DC-42AF-B58E-A5F264A965D6}"
EndProject
Project("{FAE04EC0-301F-11D3-BF4B-00C04F79EFBC}") = "Plugins.WindowsUpdateAgent.Tests", "tests\Plugins.WindowsUpdateAgent.Tests\Plugins.WindowsUpdateAgent.Tests.csproj", "{C7978C62-EE33-418C-B303-E26407977E18}"
EndProject
Project("{FAE04EC0-301F-11D3-BF4B-00C04F79EFBC}") = "Plugins.DeviceOverview.Tests", "tests\Plugins.DeviceOverview.Tests\Plugins.DeviceOverview.Tests.csproj", "{3AE2C62A-1208-48E2-AD52-88B43AD9FF89}"
EndProject
Project("{FAE04EC0-301F-11D3-BF4B-00C04F79EFBC}") = "Plugins.DeviceActions.Tests", "tests\Plugins.DeviceActions.Tests\Plugins.DeviceActions.Tests.csproj", "{A6D71A27-4E13-49B5-93A4-57C0F877B102}"
EndProject
Project("{FAE04EC0-301F-11D3-BF4B-00C04F79EFBC}") = "Plugins.MecmAgent", "src\Plugins.MecmAgent\Plugins.MecmAgent.csproj", "{CCFF1A46-71EB-4A87-B47E-CEA6FEFCCC26}"
EndProject
Project("{FAE04EC0-301F-11D3-BF4B-00C04F79EFBC}") = "Plugins.MecmAgent.Tests", "tests\Plugins.MecmAgent.Tests\Plugins.MecmAgent.Tests.csproj", "{17F50838-EBF5-43B1-B69B-4C51A81CDFAC}"
EndProject
Project("{FAE04EC0-301F-11D3-BF4B-00C04F79EFBC}") = "SccmCliCtr.Automation", "src\SccmCliCtr.Automation\SccmCliCtr.Automation.csproj", "{D33FB5C0-BDC2-479E-9E5D-5B454EA651AC}"
EndProject
Project("{FAE04EC0-301F-11D3-BF4B-00C04F79EFBC}") = "SccmCliCtr.Automation.Tests", "tests\SccmCliCtr.Automation.Tests\SccmCliCtr.Automation.Tests.csproj", "{3515931B-5C01-4797-99AF-7B00A92EE1C6}"
EndProject
Global
	GlobalSection(SolutionConfigurationPlatforms) = preSolution
		Debug|Any CPU = Debug|Any CPU
		Debug|x64 = Debug|x64
		Debug|x86 = Debug|x86
		Release|Any CPU = Release|Any CPU
		Release|x64 = Release|x64
		Release|x86 = Release|x86
	EndGlobalSection
	GlobalSection(ProjectConfigurationPlatforms) = postSolution
		{992B4B99-AE66-4294-83DD-30D51B41E31E}.Debug|Any CPU.ActiveCfg = Debug|Any CPU
		{992B4B99-AE66-4294-83DD-30D51B41E31E}.Debug|Any CPU.Build.0 = Debug|Any CPU
		{992B4B99-AE66-4294-83DD-30D51B41E31E}.Debug|x64.ActiveCfg = Debug|Any CPU
		{992B4B99-AE66-4294-83DD-30D51B41E31E}.Debug|x64.Build.0 = Debug|Any CPU
		{992B4B99-AE66-4294-83DD-30D51B41E31E}.Debug|x86.ActiveCfg = Debug|Any CPU
		{992B4B99-AE66-4294-83DD-30D51B41E31E}.Debug|x86.Build.0 = Debug|Any CPU
		{992B4B99-AE66-4294-83DD-30D51B41E31E}.Release|Any CPU.ActiveCfg = Release|Any CPU
		{992B4B99-AE66-4294-83DD-30D51B41E31E}.Release|Any CPU.Build.0 = Release|Any CPU
		{992B4B99-AE66-4294-83DD-30D51B41E31E}.Release|x64.ActiveCfg = Release|Any CPU
		{992B4B99-AE66-4294-83DD-30D51B41E31E}.Release|x64.Build.0 = Release|Any CPU
		{992B4B99-AE66-4294-83DD-30D51B41E31E}.Release|x86.ActiveCfg = Release|Any CPU
		{992B4B99-AE66-4294-83DD-30D51B41E31E}.Release|x86.Build.0 = Release|Any CPU
		{B4C821C9-4C4D-4F33-8BDF-C1963D5FAE21}.Debug|Any CPU.ActiveCfg = Debug|Any CPU
		{B4C821C9-4C4D-4F33-8BDF-C1963D5FAE21}.Debug|Any CPU.Build.0 = Debug|Any CPU
		{B4C821C9-4C4D-4F33-8BDF-C1963D5FAE21}.Debug|x64.ActiveCfg = Debug|Any CPU
		{B4C821C9-4C4D-4F33-8BDF-C1963D5FAE21}.Debug|x64.Build.0 = Debug|Any CPU
		{B4C821C9-4C4D-4F33-8BDF-C1963D5FAE21}.Debug|x86.ActiveCfg = Debug|Any CPU
		{B4C821C9-4C4D-4F33-8BDF-C1963D5FAE21}.Debug|x86.Build.0 = Debug|Any CPU
		{B4C821C9-4C4D-4F33-8BDF-C1963D5FAE21}.Release|Any CPU.ActiveCfg = Release|Any CPU
		{B4C821C9-4C4D-4F33-8BDF-C1963D5FAE21}.Release|Any CPU.Build.0 = Release|Any CPU
		{B4C821C9-4C4D-4F33-8BDF-C1963D5FAE21}.Release|x64.ActiveCfg = Release|Any CPU
		{B4C821C9-4C4D-4F33-8BDF-C1963D5FAE21}.Release|x64.Build.0 = Release|Any CPU
		{B4C821C9-4C4D-4F33-8BDF-C1963D5FAE21}.Release|x86.ActiveCfg = Release|Any CPU
		{B4C821C9-4C4D-4F33-8BDF-C1963D5FAE21}.Release|x86.Build.0 = Release|Any CPU
		{C9C1BFD8-085C-44E6-ACAF-1EC55DB9329B}.Debug|Any CPU.ActiveCfg = Debug|Any CPU
		{C9C1BFD8-085C-44E6-ACAF-1EC55DB9329B}.Debug|Any CPU.Build.0 = Debug|Any CPU
		{C9C1BFD8-085C-44E6-ACAF-1EC55DB9329B}.Debug|x64.ActiveCfg = Debug|Any CPU
		{C9C1BFD8-085C-44E6-ACAF-1EC55DB9329B}.Debug|x64.Build.0 = Debug|Any CPU
		{C9C1BFD8-085C-44E6-ACAF-1EC55DB9329B}.Debug|x86.ActiveCfg = Debug|Any CPU
		{C9C1BFD8-085C-44E6-ACAF-1EC55DB9329B}.Debug|x86.Build.0 = Debug|Any CPU
		{C9C1BFD8-085C-44E6-ACAF-1EC55DB9329B}.Release|Any CPU.ActiveCfg = Release|Any CPU
		{C9C1BFD8-085C-44E6-ACAF-1EC55DB9329B}.Release|Any CPU.Build.0 = Release|Any CPU
		{C9C1BFD8-085C-44E6-ACAF-1EC55DB9329B}.Release|x64.ActiveCfg = Release|Any CPU
		{C9C1BFD8-085C-44E6-ACAF-1EC55DB9329B}.Release|x64.Build.0 = Release|Any CPU
		{C9C1BFD8-085C-44E6-ACAF-1EC55DB9329B}.Release|x86.ActiveCfg = Release|Any CPU
		{C9C1BFD8-085C-44E6-ACAF-1EC55DB9329B}.Release|x86.Build.0 = Release|Any CPU
		{427AFC44-9670-4DCC-ABB3-A96C08CA5713}.Debug|Any CPU.ActiveCfg = Debug|Any CPU
		{427AFC44-9670-4DCC-ABB3-A96C08CA5713}.Debug|Any CPU.Build.0 = Debug|Any CPU
		{427AFC44-9670-4DCC-ABB3-A96C08CA5713}.Debug|x64.ActiveCfg = Debug|Any CPU
		{427AFC44-9670-4DCC-ABB3-A96C08CA5713}.Debug|x64.Build.0 = Debug|Any CPU
		{427AFC44-9670-4DCC-ABB3-A96C08CA5713}.Debug|x86.ActiveCfg = Debug|Any CPU
		{427AFC44-9670-4DCC-ABB3-A96C08CA5713}.Debug|x86.Build.0 = Debug|Any CPU
		{427AFC44-9670-4DCC-ABB3-A96C08CA5713}.Release|Any CPU.ActiveCfg = Release|Any CPU
		{427AFC44-9670-4DCC-ABB3-A96C08CA5713}.Release|Any CPU.Build.0 = Release|Any CPU
		{427AFC44-9670-4DCC-ABB3-A96C08CA5713}.Release|x64.ActiveCfg = Release|Any CPU
		{427AFC44-9670-4DCC-ABB3-A96C08CA5713}.Release|x64.Build.0 = Release|Any CPU
		{427AFC44-9670-4DCC-ABB3-A96C08CA5713}.Release|x86.ActiveCfg = Release|Any CPU
		{427AFC44-9670-4DCC-ABB3-A96C08CA5713}.Release|x86.Build.0 = Release|Any CPU
		{16F9E198-8C57-4AEE-A08C-7F6BF6A82FD6}.Debug|Any CPU.ActiveCfg = Debug|Any CPU
		{16F9E198-8C57-4AEE-A08C-7F6BF6A82FD6}.Debug|Any CPU.Build.0 = Debug|Any CPU
		{16F9E198-8C57-4AEE-A08C-7F6BF6A82FD6}.Debug|x64.ActiveCfg = Debug|Any CPU
		{16F9E198-8C57-4AEE-A08C-7F6BF6A82FD6}.Debug|x64.Build.0 = Debug|Any CPU
		{16F9E198-8C57-4AEE-A08C-7F6BF6A82FD6}.Debug|x86.ActiveCfg = Debug|Any CPU
		{16F9E198-8C57-4AEE-A08C-7F6BF6A82FD6}.Debug|x86.Build.0 = Debug|Any CPU
		{16F9E198-8C57-4AEE-A08C-7F6BF6A82FD6}.Release|Any CPU.ActiveCfg = Release|Any CPU
		{16F9E198-8C57-4AEE-A08C-7F6BF6A82FD6}.Release|Any CPU.Build.0 = Release|Any CPU
		{16F9E198-8C57-4AEE-A08C-7F6BF6A82FD6}.Release|x64.ActiveCfg = Release|Any CPU
		{16F9E198-8C57-4AEE-A08C-7F6BF6A82FD6}.Release|x64.Build.0 = Release|Any CPU
		{16F9E198-8C57-4AEE-A08C-7F6BF6A82FD6}.Release|x86.ActiveCfg = Release|Any CPU
		{16F9E198-8C57-4AEE-A08C-7F6BF6A82FD6}.Release|x86.Build.0 = Release|Any CPU
		{5DF640C0-FDBD-4D66-A5C5-81C5DC2A7709}.Debug|Any CPU.ActiveCfg = Debug|Any CPU
		{5DF640C0-FDBD-4D66-A5C5-81C5DC2A7709}.Debug|Any CPU.Build.0 = Debug|Any CPU
		{5DF640C0-FDBD-4D66-A5C5-81C5DC2A7709}.Debug|x64.ActiveCfg = Debug|Any CPU
		{5DF640C0-FDBD-4D66-A5C5-81C5DC2A7709}.Debug|x64.Build.0 = Debug|Any CPU
		{5DF640C0-FDBD-4D66-A5C5-81C5DC2A7709}.Debug|x86.ActiveCfg = Debug|Any CPU
		{5DF640C0-FDBD-4D66-A5C5-81C5DC2A7709}.Debug|x86.Build.0 = Debug|Any CPU
		{5DF640C0-FDBD-4D66-A5C5-81C5DC2A7709}.Release|Any CPU.ActiveCfg = Release|Any CPU
		{5DF640C0-FDBD-4D66-A5C5-81C5DC2A7709}.Release|Any CPU.Build.0 = Release|Any CPU
		{5DF640C0-FDBD-4D66-A5C5-81C5DC2A7709}.Release|x64.ActiveCfg = Release|Any CPU
		{5DF640C0-FDBD-4D66-A5C5-81C5DC2A7709}.Release|x64.Build.0 = Release|Any CPU
		{5DF640C0-FDBD-4D66-A5C5-81C5DC2A7709}.Release|x86.ActiveCfg = Release|Any CPU
		{5DF640C0-FDBD-4D66-A5C5-81C5DC2A7709}.Release|x86.Build.0 = Release|Any CPU
		{2F24877B-884E-4B5D-A668-AF9EB5A8C733}.Debug|Any CPU.ActiveCfg = Debug|Any CPU
		{2F24877B-884E-4B5D-A668-AF9EB5A8C733}.Debug|Any CPU.Build.0 = Debug|Any CPU
		{2F24877B-884E-4B5D-A668-AF9EB5A8C733}.Debug|x64.ActiveCfg = Debug|Any CPU
		{2F24877B-884E-4B5D-A668-AF9EB5A8C733}.Debug|x64.Build.0 = Debug|Any CPU
		{2F24877B-884E-4B5D-A668-AF9EB5A8C733}.Debug|x86.ActiveCfg = Debug|Any CPU
		{2F24877B-884E-4B5D-A668-AF9EB5A8C733}.Debug|x86.Build.0 = Debug|Any CPU
		{2F24877B-884E-4B5D-A668-AF9EB5A8C733}.Release|Any CPU.ActiveCfg = Release|Any CPU
		{2F24877B-884E-4B5D-A668-AF9EB5A8C733}.Release|Any CPU.Build.0 = Release|Any CPU
		{2F24877B-884E-4B5D-A668-AF9EB5A8C733}.Release|x64.ActiveCfg = Release|Any CPU
		{2F24877B-884E-4B5D-A668-AF9EB5A8C733}.Release|x64.Build.0 = Release|Any CPU
		{2F24877B-884E-4B5D-A668-AF9EB5A8C733}.Release|x86.ActiveCfg = Release|Any CPU
		{2F24877B-884E-4B5D-A668-AF9EB5A8C733}.Release|x86.Build.0 = Release|Any CPU
		{9A0A4D26-8D93-4B1A-9B19-3AF1C77E3D21}.Debug|Any CPU.ActiveCfg = Debug|Any CPU
		{9A0A4D26-8D93-4B1A-9B19-3AF1C77E3D21}.Debug|Any CPU.Build.0 = Debug|Any CPU
		{9A0A4D26-8D93-4B1A-9B19-3AF1C77E3D21}.Debug|x64.ActiveCfg = Debug|Any CPU
		{9A0A4D26-8D93-4B1A-9B19-3AF1C77E3D21}.Debug|x64.Build.0 = Debug|Any CPU
		{9A0A4D26-8D93-4B1A-9B19-3AF1C77E3D21}.Debug|x86.ActiveCfg = Debug|Any CPU
		{9A0A4D26-8D93-4B1A-9B19-3AF1C77E3D21}.Debug|x86.Build.0 = Debug|Any CPU
		{9A0A4D26-8D93-4B1A-9B19-3AF1C77E3D21}.Release|Any CPU.ActiveCfg = Release|Any CPU
		{9A0A4D26-8D93-4B1A-9B19-3AF1C77E3D21}.Release|Any CPU.Build.0 = Release|Any CPU
		{9A0A4D26-8D93-4B1A-9B19-3AF1C77E3D21}.Release|x64.ActiveCfg = Release|Any CPU
		{9A0A4D26-8D93-4B1A-9B19-3AF1C77E3D21}.Release|x64.Build.0 = Release|Any CPU
		{9A0A4D26-8D93-4B1A-9B19-3AF1C77E3D21}.Release|x86.ActiveCfg = Release|Any CPU
		{9A0A4D26-8D93-4B1A-9B19-3AF1C77E3D21}.Release|x86.Build.0 = Release|Any CPU
		{A02F5DD7-EA0F-43E2-B3DB-2446E4C6EC69}.Debug|Any CPU.ActiveCfg = Debug|Any CPU
		{A02F5DD7-EA0F-43E2-B3DB-2446E4C6EC69}.Debug|Any CPU.Build.0 = Debug|Any CPU
		{A02F5DD7-EA0F-43E2-B3DB-2446E4C6EC69}.Debug|x64.ActiveCfg = Debug|Any CPU
		{A02F5DD7-EA0F-43E2-B3DB-2446E4C6EC69}.Debug|x64.Build.0 = Debug|Any CPU
		{A02F5DD7-EA0F-43E2-B3DB-2446E4C6EC69}.Debug|x86.ActiveCfg = Debug|Any CPU
		{A02F5DD7-EA0F-43E2-B3DB-2446E4C6EC69}.Debug|x86.Build.0 = Debug|Any CPU
		{A02F5DD7-EA0F-43E2-B3DB-2446E4C6EC69}.Release|Any CPU.ActiveCfg = Release|Any CPU
		{A02F5DD7-EA0F-43E2-B3DB-2446E4C6EC69}.Release|Any CPU.Build.0 = Release|Any CPU
		{A02F5DD7-EA0F-43E2-B3DB-2446E4C6EC69}.Release|x64.ActiveCfg = Release|Any CPU
		{A02F5DD7-EA0F-43E2-B3DB-2446E4C6EC69}.Release|x64.Build.0 = Release|Any CPU
		{A02F5DD7-EA0F-43E2-B3DB-2446E4C6EC69}.Release|x86.ActiveCfg = Release|Any CPU
		{A02F5DD7-EA0F-43E2-B3DB-2446E4C6EC69}.Release|x86.Build.0 = Release|Any CPU
		{307B721B-1225-4F81-8676-2B546E80A126}.Debug|Any CPU.ActiveCfg = Debug|Any CPU
		{307B721B-1225-4F81-8676-2B546E80A126}.Debug|Any CPU.Build.0 = Debug|Any CPU
		{307B721B-1225-4F81-8676-2B546E80A126}.Debug|x64.ActiveCfg = Debug|Any CPU
		{307B721B-1225-4F81-8676-2B546E80A126}.Debug|x64.Build.0 = Debug|Any CPU
		{307B721B-1225-4F81-8676-2B546E80A126}.Debug|x86.ActiveCfg = Debug|Any CPU
		{307B721B-1225-4F81-8676-2B546E80A126}.Debug|x86.Build.0 = Debug|Any CPU
		{307B721B-1225-4F81-8676-2B546E80A126}.Release|Any CPU.ActiveCfg = Release|Any CPU
		{307B721B-1225-4F81-8676-2B546E80A126}.Release|Any CPU.Build.0 = Release|Any CPU
		{307B721B-1225-4F81-8676-2B546E80A126}.Release|x64.ActiveCfg = Release|Any CPU
		{307B721B-1225-4F81-8676-2B546E80A126}.Release|x64.Build.0 = Release|Any CPU
		{307B721B-1225-4F81-8676-2B546E80A126}.Release|x86.ActiveCfg = Release|Any CPU
		{307B721B-1225-4F81-8676-2B546E80A126}.Release|x86.Build.0 = Release|Any CPU
		{15068351-2806-4E68-A1A1-88189F867046}.Debug|Any CPU.ActiveCfg = Debug|Any CPU
		{15068351-2806-4E68-A1A1-88189F867046}.Debug|Any CPU.Build.0 = Debug|Any CPU
		{15068351-2806-4E68-A1A1-88189F867046}.Debug|x64.ActiveCfg = Debug|Any CPU
		{15068351-2806-4E68-A1A1-88189F867046}.Debug|x64.Build.0 = Debug|Any CPU
		{15068351-2806-4E68-A1A1-88189F867046}.Debug|x86.ActiveCfg = Debug|Any CPU
		{15068351-2806-4E68-A1A1-88189F867046}.Debug|x86.Build.0 = Debug|Any CPU
		{15068351-2806-4E68-A1A1-88189F867046}.Release|Any CPU.ActiveCfg = Release|Any CPU
		{15068351-2806-4E68-A1A1-88189F867046}.Release|Any CPU.Build.0 = Release|Any CPU
		{15068351-2806-4E68-A1A1-88189F867046}.Release|x64.ActiveCfg = Release|Any CPU
		{15068351-2806-4E68-A1A1-88189F867046}.Release|x64.Build.0 = Release|Any CPU
		{15068351-2806-4E68-A1A1-88189F867046}.Release|x86.ActiveCfg = Release|Any CPU
		{15068351-2806-4E68-A1A1-88189F867046}.Release|x86.Build.0 = Release|Any CPU
		{53D38F46-1779-4E83-B47B-B8127BD305A7}.Debug|Any CPU.ActiveCfg = Debug|Any CPU
		{53D38F46-1779-4E83-B47B-B8127BD305A7}.Debug|Any CPU.Build.0 = Debug|Any CPU
		{53D38F46-1779-4E83-B47B-B8127BD305A7}.Debug|x64.ActiveCfg = Debug|Any CPU
		{53D38F46-1779-4E83-B47B-B8127BD305A7}.Debug|x64.Build.0 = Debug|Any CPU
		{53D38F46-1779-4E83-B47B-B8127BD305A7}.Debug|x86.ActiveCfg = Debug|Any CPU
		{53D38F46-1779-4E83-B47B-B8127BD305A7}.Debug|x86.Build.0 = Debug|Any CPU
		{53D38F46-1779-4E83-B47B-B8127BD305A7}.Release|Any CPU.ActiveCfg = Release|Any CPU
		{53D38F46-1779-4E83-B47B-B8127BD305A7}.Release|Any CPU.Build.0 = Release|Any CPU
		{53D38F46-1779-4E83-B47B-B8127BD305A7}.Release|x64.ActiveCfg = Release|Any CPU
		{53D38F46-1779-4E83-B47B-B8127BD305A7}.Release|x64.Build.0 = Release|Any CPU
		{53D38F46-1779-4E83-B47B-B8127BD305A7}.Release|x86.ActiveCfg = Release|Any CPU
		{53D38F46-1779-4E83-B47B-B8127BD305A7}.Release|x86.Build.0 = Release|Any CPU
		{E255315C-B6D7-4541-B8D3-D4016B79A620}.Debug|Any CPU.ActiveCfg = Debug|Any CPU
		{E255315C-B6D7-4541-B8D3-D4016B79A620}.Debug|Any CPU.Build.0 = Debug|Any CPU
		{E255315C-B6D7-4541-B8D3-D4016B79A620}.Debug|x64.ActiveCfg = Debug|Any CPU
		{E255315C-B6D7-4541-B8D3-D4016B79A620}.Debug|x64.Build.0 = Debug|Any CPU
		{E255315C-B6D7-4541-B8D3-D4016B79A620}.Debug|x86.ActiveCfg = Debug|Any CPU
		{E255315C-B6D7-4541-B8D3-D4016B79A620}.Debug|x86.Build.0 = Debug|Any CPU
		{E255315C-B6D7-4541-B8D3-D4016B79A620}.Release|Any CPU.ActiveCfg = Release|Any CPU
		{E255315C-B6D7-4541-B8D3-D4016B79A620}.Release|Any CPU.Build.0 = Release|Any CPU
		{E255315C-B6D7-4541-B8D3-D4016B79A620}.Release|x64.ActiveCfg = Release|Any CPU
		{E255315C-B6D7-4541-B8D3-D4016B79A620}.Release|x64.Build.0 = Release|Any CPU
		{E255315C-B6D7-4541-B8D3-D4016B79A620}.Release|x86.ActiveCfg = Release|Any CPU
		{E255315C-B6D7-4541-B8D3-D4016B79A620}.Release|x86.Build.0 = Release|Any CPU
		{13FC5F72-165D-477E-BE98-05DAD3042CF2}.Debug|Any CPU.ActiveCfg = Debug|Any CPU
		{13FC5F72-165D-477E-BE98-05DAD3042CF2}.Debug|Any CPU.Build.0 = Debug|Any CPU
		{13FC5F72-165D-477E-BE98-05DAD3042CF2}.Debug|x64.ActiveCfg = Debug|Any CPU
		{13FC5F72-165D-477E-BE98-05DAD3042CF2}.Debug|x64.Build.0 = Debug|Any CPU
		{13FC5F72-165D-477E-BE98-05DAD3042CF2}.Debug|x86.ActiveCfg = Debug|Any CPU
		{13FC5F72-165D-477E-BE98-05DAD3042CF2}.Debug|x86.Build.0 = Debug|Any CPU
		{13FC5F72-165D-477E-BE98-05DAD3042CF2}.Release|Any CPU.ActiveCfg = Release|Any CPU
		{13FC5F72-165D-477E-BE98-05DAD3042CF2}.Release|Any CPU.Build.0 = Release|Any CPU
		{13FC5F72-165D-477E-BE98-05DAD3042CF2}.Release|x64.ActiveCfg = Release|Any CPU
		{13FC5F72-165D-477E-BE98-05DAD3042CF2}.Release|x64.Build.0 = Release|Any CPU
		{13FC5F72-165D-477E-BE98-05DAD3042CF2}.Release|x86.ActiveCfg = Release|Any CPU
		{13FC5F72-165D-477E-BE98-05DAD3042CF2}.Release|x86.Build.0 = Release|Any CPU
		{D6462EB5-C37B-4187-8265-6458EFBD68F6}.Debug|Any CPU.ActiveCfg = Debug|Any CPU
		{D6462EB5-C37B-4187-8265-6458EFBD68F6}.Debug|Any CPU.Build.0 = Debug|Any CPU
		{D6462EB5-C37B-4187-8265-6458EFBD68F6}.Debug|x64.ActiveCfg = Debug|Any CPU
		{D6462EB5-C37B-4187-8265-6458EFBD68F6}.Debug|x64.Build.0 = Debug|Any CPU
		{D6462EB5-C37B-4187-8265-6458EFBD68F6}.Debug|x86.ActiveCfg = Debug|Any CPU
		{D6462EB5-C37B-4187-8265-6458EFBD68F6}.Debug|x86.Build.0 = Debug|Any CPU
		{D6462EB5-C37B-4187-8265-6458EFBD68F6}.Release|Any CPU.ActiveCfg = Release|Any CPU
		{D6462EB5-C37B-4187-8265-6458EFBD68F6}.Release|Any CPU.Build.0 = Release|Any CPU
		{D6462EB5-C37B-4187-8265-6458EFBD68F6}.Release|x64.ActiveCfg = Release|Any CPU
		{D6462EB5-C37B-4187-8265-6458EFBD68F6}.Release|x64.Build.0 = Release|Any CPU
		{D6462EB5-C37B-4187-8265-6458EFBD68F6}.Release|x86.ActiveCfg = Release|Any CPU
		{D6462EB5-C37B-4187-8265-6458EFBD68F6}.Release|x86.Build.0 = Release|Any CPU
		{D2814F9F-967B-4A86-BD37-E3D4560D3416}.Debug|Any CPU.ActiveCfg = Debug|Any CPU
		{D2814F9F-967B-4A86-BD37-E3D4560D3416}.Debug|Any CPU.Build.0 = Debug|Any CPU
		{D2814F9F-967B-4A86-BD37-E3D4560D3416}.Debug|x64.ActiveCfg = Debug|Any CPU
		{D2814F9F-967B-4A86-BD37-E3D4560D3416}.Debug|x64.Build.0 = Debug|Any CPU
		{D2814F9F-967B-4A86-BD37-E3D4560D3416}.Debug|x86.ActiveCfg = Debug|Any CPU
		{D2814F9F-967B-4A86-BD37-E3D4560D3416}.Debug|x86.Build.0 = Debug|Any CPU
		{D2814F9F-967B-4A86-BD37-E3D4560D3416}.Release|Any CPU.ActiveCfg = Release|Any CPU
		{D2814F9F-967B-4A86-BD37-E3D4560D3416}.Release|Any CPU.Build.0 = Release|Any CPU
		{D2814F9F-967B-4A86-BD37-E3D4560D3416}.Release|x64.ActiveCfg = Release|Any CPU
		{D2814F9F-967B-4A86-BD37-E3D4560D3416}.Release|x64.Build.0 = Release|Any CPU
		{D2814F9F-967B-4A86-BD37-E3D4560D3416}.Release|x86.ActiveCfg = Release|Any CPU
		{D2814F9F-967B-4A86-BD37-E3D4560D3416}.Release|x86.Build.0 = Release|Any CPU
		{6DBF9357-CB6E-4B95-A503-FA20C105EA55}.Debug|Any CPU.ActiveCfg = Debug|Any CPU
		{6DBF9357-CB6E-4B95-A503-FA20C105EA55}.Debug|Any CPU.Build.0 = Debug|Any CPU
		{6DBF9357-CB6E-4B95-A503-FA20C105EA55}.Debug|x64.ActiveCfg = Debug|Any CPU
		{6DBF9357-CB6E-4B95-A503-FA20C105EA55}.Debug|x64.Build.0 = Debug|Any CPU
		{6DBF9357-CB6E-4B95-A503-FA20C105EA55}.Debug|x86.ActiveCfg = Debug|Any CPU
		{6DBF9357-CB6E-4B95-A503-FA20C105EA55}.Debug|x86.Build.0 = Debug|Any CPU
		{6DBF9357-CB6E-4B95-A503-FA20C105EA55}.Release|Any CPU.ActiveCfg = Release|Any CPU
		{6DBF9357-CB6E-4B95-A503-FA20C105EA55}.Release|Any CPU.Build.0 = Release|Any CPU
		{6DBF9357-CB6E-4B95-A503-FA20C105EA55}.Release|x64.ActiveCfg = Release|Any CPU
		{6DBF9357-CB6E-4B95-A503-FA20C105EA55}.Release|x64.Build.0 = Release|Any CPU
		{6DBF9357-CB6E-4B95-A503-FA20C105EA55}.Release|x86.ActiveCfg = Release|Any CPU
		{6DBF9357-CB6E-4B95-A503-FA20C105EA55}.Release|x86.Build.0 = Release|Any CPU
		{D4CD6225-9C64-420B-B8A7-B8D349E354FC}.Debug|Any CPU.ActiveCfg = Debug|Any CPU
		{D4CD6225-9C64-420B-B8A7-B8D349E354FC}.Debug|Any CPU.Build.0 = Debug|Any CPU
		{D4CD6225-9C64-420B-B8A7-B8D349E354FC}.Debug|x64.ActiveCfg = Debug|Any CPU
		{D4CD6225-9C64-420B-B8A7-B8D349E354FC}.Debug|x64.Build.0 = Debug|Any CPU
		{D4CD6225-9C64-420B-B8A7-B8D349E354FC}.Debug|x86.ActiveCfg = Debug|Any CPU
		{D4CD6225-9C64-420B-B8A7-B8D349E354FC}.Debug|x86.Build.0 = Debug|Any CPU
		{D4CD6225-9C64-420B-B8A7-B8D349E354FC}.Release|Any CPU.ActiveCfg = Release|Any CPU
		{D4CD6225-9C64-420B-B8A7-B8D349E354FC}.Release|Any CPU.Build.0 = Release|Any CPU
		{D4CD6225-9C64-420B-B8A7-B8D349E354FC}.Release|x64.ActiveCfg = Release|Any CPU
		{D4CD6225-9C64-420B-B8A7-B8D349E354FC}.Release|x64.Build.0 = Release|Any CPU
		{D4CD6225-9C64-420B-B8A7-B8D349E354FC}.Release|x86.ActiveCfg = Release|Any CPU
		{D4CD6225-9C64-420B-B8A7-B8D349E354FC}.Release|x86.Build.0 = Release|Any CPU
		{7F25EBB0-84C3-4C76-8405-A71390CE9E01}.Debug|Any CPU.ActiveCfg = Debug|Any CPU
		{7F25EBB0-84C3-4C76-8405-A71390CE9E01}.Debug|Any CPU.Build.0 = Debug|Any CPU
		{7F25EBB0-84C3-4C76-8405-A71390CE9E01}.Debug|x64.ActiveCfg = Debug|Any CPU
		{7F25EBB0-84C3-4C76-8405-A71390CE9E01}.Debug|x64.Build.0 = Debug|Any CPU
		{7F25EBB0-84C3-4C76-8405-A71390CE9E01}.Debug|x86.ActiveCfg = Debug|Any CPU
		{7F25EBB0-84C3-4C76-8405-A71390CE9E01}.Debug|x86.Build.0 = Debug|Any CPU
		{7F25EBB0-84C3-4C76-8405-A71390CE9E01}.Release|Any CPU.ActiveCfg = Release|Any CPU
		{7F25EBB0-84C3-4C76-8405-A71390CE9E01}.Release|Any CPU.Build.0 = Release|Any CPU
		{7F25EBB0-84C3-4C76-8405-A71390CE9E01}.Release|x64.ActiveCfg = Release|Any CPU
		{7F25EBB0-84C3-4C76-8405-A71390CE9E01}.Release|x64.Build.0 = Release|Any CPU
		{7F25EBB0-84C3-4C76-8405-A71390CE9E01}.Release|x86.ActiveCfg = Release|Any CPU
		{7F25EBB0-84C3-4C76-8405-A71390CE9E01}.Release|x86.Build.0 = Release|Any CPU
		{BF7AE29B-77DC-42AF-B58E-A5F264A965D6}.Debug|Any CPU.ActiveCfg = Debug|Any CPU
		{BF7AE29B-77DC-42AF-B58E-A5F264A965D6}.Debug|Any CPU.Build.0 = Debug|Any CPU
		{BF7AE29B-77DC-42AF-B58E-A5F264A965D6}.Debug|x64.ActiveCfg = Debug|Any CPU
		{BF7AE29B-77DC-42AF-B58E-A5F264A965D6}.Debug|x64.Build.0 = Debug|Any CPU
		{BF7AE29B-77DC-42AF-B58E-A5F264A965D6}.Debug|x86.ActiveCfg = Debug|Any CPU
		{BF7AE29B-77DC-42AF-B58E-A5F264A965D6}.Debug|x86.Build.0 = Debug|Any CPU
		{BF7AE29B-77DC-42AF-B58E-A5F264A965D6}.Release|Any CPU.ActiveCfg = Release|Any CPU
		{BF7AE29B-77DC-42AF-B58E-A5F264A965D6}.Release|Any CPU.Build.0 = Release|Any CPU
		{BF7AE29B-77DC-42AF-B58E-A5F264A965D6}.Release|x64.ActiveCfg = Release|Any CPU
		{BF7AE29B-77DC-42AF-B58E-A5F264A965D6}.Release|x64.Build.0 = Release|Any CPU
		{BF7AE29B-77DC-42AF-B58E-A5F264A965D6}.Release|x86.ActiveCfg = Release|Any CPU
		{BF7AE29B-77DC-42AF-B58E-A5F264A965D6}.Release|x86.Build.0 = Release|Any CPU
		{C7978C62-EE33-418C-B303-E26407977E18}.Debug|Any CPU.ActiveCfg = Debug|Any CPU
		{C7978C62-EE33-418C-B303-E26407977E18}.Debug|Any CPU.Build.0 = Debug|Any CPU
		{C7978C62-EE33-418C-B303-E26407977E18}.Debug|x64.ActiveCfg = Debug|Any CPU
		{C7978C62-EE33-418C-B303-E26407977E18}.Debug|x64.Build.0 = Debug|Any CPU
		{C7978C62-EE33-418C-B303-E26407977E18}.Debug|x86.ActiveCfg = Debug|Any CPU
		{C7978C62-EE33-418C-B303-E26407977E18}.Debug|x86.Build.0 = Debug|Any CPU
		{C7978C62-EE33-418C-B303-E26407977E18}.Release|Any CPU.ActiveCfg = Release|Any CPU
		{C7978C62-EE33-418C-B303-E26407977E18}.Release|Any CPU.Build.0 = Release|Any CPU
		{C7978C62-EE33-418C-B303-E26407977E18}.Release|x64.ActiveCfg = Release|Any CPU
		{C7978C62-EE33-418C-B303-E26407977E18}.Release|x64.Build.0 = Release|Any CPU
		{C7978C62-EE33-418C-B303-E26407977E18}.Release|x86.ActiveCfg = Release|Any CPU
		{C7978C62-EE33-418C-B303-E26407977E18}.Release|x86.Build.0 = Release|Any CPU
		{3AE2C62A-1208-48E2-AD52-88B43AD9FF89}.Debug|Any CPU.ActiveCfg = Debug|Any CPU
		{3AE2C62A-1208-48E2-AD52-88B43AD9FF89}.Debug|Any CPU.Build.0 = Debug|Any CPU
		{3AE2C62A-1208-48E2-AD52-88B43AD9FF89}.Debug|x64.ActiveCfg = Debug|Any CPU
		{3AE2C62A-1208-48E2-AD52-88B43AD9FF89}.Debug|x64.Build.0 = Debug|Any CPU
		{3AE2C62A-1208-48E2-AD52-88B43AD9FF89}.Debug|x86.ActiveCfg = Debug|Any CPU
		{3AE2C62A-1208-48E2-AD52-88B43AD9FF89}.Debug|x86.Build.0 = Debug|Any CPU
		{3AE2C62A-1208-48E2-AD52-88B43AD9FF89}.Release|Any CPU.ActiveCfg = Release|Any CPU
		{3AE2C62A-1208-48E2-AD52-88B43AD9FF89}.Release|Any CPU.Build.0 = Release|Any CPU
		{3AE2C62A-1208-48E2-AD52-88B43AD9FF89}.Release|x64.ActiveCfg = Release|Any CPU
		{3AE2C62A-1208-48E2-AD52-88B43AD9FF89}.Release|x64.Build.0 = Release|Any CPU
		{3AE2C62A-1208-48E2-AD52-88B43AD9FF89}.Release|x86.ActiveCfg = Release|Any CPU
		{3AE2C62A-1208-48E2-AD52-88B43AD9FF89}.Release|x86.Build.0 = Release|Any CPU
		{A6D71A27-4E13-49B5-93A4-57C0F877B102}.Debug|Any CPU.ActiveCfg = Debug|Any CPU
		{A6D71A27-4E13-49B5-93A4-57C0F877B102}.Debug|Any CPU.Build.0 = Debug|Any CPU
		{A6D71A27-4E13-49B5-93A4-57C0F877B102}.Debug|x64.ActiveCfg = Debug|Any CPU
		{A6D71A27-4E13-49B5-93A4-57C0F877B102}.Debug|x64.Build.0 = Debug|Any CPU
		{A6D71A27-4E13-49B5-93A4-57C0F877B102}.Debug|x86.ActiveCfg = Debug|Any CPU
		{A6D71A27-4E13-49B5-93A4-57C0F877B102}.Debug|x86.Build.0 = Debug|Any CPU
		{A6D71A27-4E13-49B5-93A4-57C0F877B102}.Release|Any CPU.ActiveCfg = Release|Any CPU
		{A6D71A27-4E13-49B5-93A4-57C0F877B102}.Release|Any CPU.Build.0 = Release|Any CPU
		{A6D71A27-4E13-49B5-93A4-57C0F877B102}.Release|x64.ActiveCfg = Release|Any CPU
		{A6D71A27-4E13-49B5-93A4-57C0F877B102}.Release|x64.Build.0 = Release|Any CPU
		{A6D71A27-4E13-49B5-93A4-57C0F877B102}.Release|x86.ActiveCfg = Release|Any CPU
		{A6D71A27-4E13-49B5-93A4-57C0F877B102}.Release|x86.Build.0 = Release|Any CPU
		{CCFF1A46-71EB-4A87-B47E-CEA6FEFCCC26}.Debug|Any CPU.ActiveCfg = Debug|Any CPU
		{CCFF1A46-71EB-4A87-B47E-CEA6FEFCCC26}.Debug|Any CPU.Build.0 = Debug|Any CPU
		{CCFF1A46-71EB-4A87-B47E-CEA6FEFCCC26}.Debug|x64.ActiveCfg = Debug|Any CPU
		{CCFF1A46-71EB-4A87-B47E-CEA6FEFCCC26}.Debug|x64.Build.0 = Debug|Any CPU
		{CCFF1A46-71EB-4A87-B47E-CEA6FEFCCC26}.Debug|x86.ActiveCfg = Debug|Any CPU
		{CCFF1A46-71EB-4A87-B47E-CEA6FEFCCC26}.Debug|x86.Build.0 = Debug|Any CPU
		{CCFF1A46-71EB-4A87-B47E-CEA6FEFCCC26}.Release|Any CPU.ActiveCfg = Release|Any CPU
		{CCFF1A46-71EB-4A87-B47E-CEA6FEFCCC26}.Release|Any CPU.Build.0 = Release|Any CPU
		{CCFF1A46-71EB-4A87-B47E-CEA6FEFCCC26}.Release|x64.ActiveCfg = Release|Any CPU
		{CCFF1A46-71EB-4A87-B47E-CEA6FEFCCC26}.Release|x64.Build.0 = Release|Any CPU
		{CCFF1A46-71EB-4A87-B47E-CEA6FEFCCC26}.Release|x86.ActiveCfg = Release|Any CPU
		{CCFF1A46-71EB-4A87-B47E-CEA6FEFCCC26}.Release|x86.Build.0 = Release|Any CPU
		{17F50838-EBF5-43B1-B69B-4C51A81CDFAC}.Debug|Any CPU.ActiveCfg = Debug|Any CPU
		{17F50838-EBF5-43B1-B69B-4C51A81CDFAC}.Debug|Any CPU.Build.0 = Debug|Any CPU
		{17F50838-EBF5-43B1-B69B-4C51A81CDFAC}.Debug|x64.ActiveCfg = Debug|Any CPU
		{17F50838-EBF5-43B1-B69B-4C51A81CDFAC}.Debug|x64.Build.0 = Debug|Any CPU
		{17F50838-EBF5-43B1-B69B-4C51A81CDFAC}.Debug|x86.ActiveCfg = Debug|Any CPU
		{17F50838-EBF5-43B1-B69B-4C51A81CDFAC}.Debug|x86.Build.0 = Debug|Any CPU
		{17F50838-EBF5-43B1-B69B-4C51A81CDFAC}.Release|Any CPU.ActiveCfg = Release|Any CPU
		{17F50838-EBF5-43B1-B69B-4C51A81CDFAC}.Release|Any CPU.Build.0 = Release|Any CPU
		{17F50838-EBF5-43B1-B69B-4C51A81CDFAC}.Release|x64.ActiveCfg = Release|Any CPU
		{17F50838-EBF5-43B1-B69B-4C51A81CDFAC}.Release|x64.Build.0 = Release|Any CPU
		{17F50838-EBF5-43B1-B69B-4C51A81CDFAC}.Release|x86.ActiveCfg = Release|Any CPU
		{17F50838-EBF5-43B1-B69B-4C51A81CDFAC}.Release|x86.Build.0 = Release|Any CPU
		{D33FB5C0-BDC2-479E-9E5D-5B454EA651AC}.Debug|Any CPU.ActiveCfg = Debug|Any CPU
		{D33FB5C0-BDC2-479E-9E5D-5B454EA651AC}.Debug|Any CPU.Build.0 = Debug|Any CPU
		{D33FB5C0-BDC2-479E-9E5D-5B454EA651AC}.Debug|x64.ActiveCfg = Debug|Any CPU
		{D33FB5C0-BDC2-479E-9E5D-5B454EA651AC}.Debug|x64.Build.0 = Debug|Any CPU
		{D33FB5C0-BDC2-479E-9E5D-5B454EA651AC}.Debug|x86.ActiveCfg = Debug|Any CPU
		{D33FB5C0-BDC2-479E-9E5D-5B454EA651AC}.Debug|x86.Build.0 = Debug|Any CPU
		{D33FB5C0-BDC2-479E-9E5D-5B454EA651AC}.Release|Any CPU.ActiveCfg = Release|Any CPU
		{D33FB5C0-BDC2-479E-9E5D-5B454EA651AC}.Release|Any CPU.Build.0 = Release|Any CPU
		{D33FB5C0-BDC2-479E-9E5D-5B454EA651AC}.Release|x64.ActiveCfg = Release|Any CPU
		{D33FB5C0-BDC2-479E-9E5D-5B454EA651AC}.Release|x64.Build.0 = Release|Any CPU
		{D33FB5C0-BDC2-479E-9E5D-5B454EA651AC}.Release|x86.ActiveCfg = Release|Any CPU
		{D33FB5C0-BDC2-479E-9E5D-5B454EA651AC}.Release|x86.Build.0 = Release|Any CPU
		{3515931B-5C01-4797-99AF-7B00A92EE1C6}.Debug|Any CPU.ActiveCfg = Debug|Any CPU
		{3515931B-5C01-4797-99AF-7B00A92EE1C6}.Debug|Any CPU.Build.0 = Debug|Any CPU
		{3515931B-5C01-4797-99AF-7B00A92EE1C6}.Debug|x64.ActiveCfg = Debug|Any CPU
		{3515931B-5C01-4797-99AF-7B00A92EE1C6}.Debug|x64.Build.0 = Debug|Any CPU
		{3515931B-5C01-4797-99AF-7B00A92EE1C6}.Debug|x86.ActiveCfg = Debug|Any CPU
		{3515931B-5C01-4797-99AF-7B00A92EE1C6}.Debug|x86.Build.0 = Debug|Any CPU
		{3515931B-5C01-4797-99AF-7B00A92EE1C6}.Release|Any CPU.ActiveCfg = Release|Any CPU
		{3515931B-5C01-4797-99AF-7B00A92EE1C6}.Release|Any CPU.Build.0 = Release|Any CPU
		{3515931B-5C01-4797-99AF-7B00A92EE1C6}.Release|x64.ActiveCfg = Release|Any CPU
		{3515931B-5C01-4797-99AF-7B00A92EE1C6}.Release|x64.Build.0 = Release|Any CPU
		{3515931B-5C01-4797-99AF-7B00A92EE1C6}.Release|x86.ActiveCfg = Release|Any CPU
		{3515931B-5C01-4797-99AF-7B00A92EE1C6}.Release|x86.Build.0 = Release|Any CPU
	EndGlobalSection
	GlobalSection(SolutionProperties) = preSolution
		HideSolutionNode = FALSE
	EndGlobalSection
	GlobalSection(NestedProjects) = preSolution
		{992B4B99-AE66-4294-83DD-30D51B41E31E} = {827E0CD3-B72D-47B6-A68D-7590B98EB39B}
		{B4C821C9-4C4D-4F33-8BDF-C1963D5FAE21} = {827E0CD3-B72D-47B6-A68D-7590B98EB39B}
		{C9C1BFD8-085C-44E6-ACAF-1EC55DB9329B} = {827E0CD3-B72D-47B6-A68D-7590B98EB39B}
		{427AFC44-9670-4DCC-ABB3-A96C08CA5713} = {827E0CD3-B72D-47B6-A68D-7590B98EB39B}
		{16F9E198-8C57-4AEE-A08C-7F6BF6A82FD6} = {827E0CD3-B72D-47B6-A68D-7590B98EB39B}
		{5DF640C0-FDBD-4D66-A5C5-81C5DC2A7709} = {827E0CD3-B72D-47B6-A68D-7590B98EB39B}
		{2F24877B-884E-4B5D-A668-AF9EB5A8C733} = {0AB3BF05-4346-4AA6-1389-037BE0695223}
		{9A0A4D26-8D93-4B1A-9B19-3AF1C77E3D21} = {0AB3BF05-4346-4AA6-1389-037BE0695223}
		{A02F5DD7-EA0F-43E2-B3DB-2446E4C6EC69} = {827E0CD3-B72D-47B6-A68D-7590B98EB39B}
		{307B721B-1225-4F81-8676-2B546E80A126} = {827E0CD3-B72D-47B6-A68D-7590B98EB39B}
		{15068351-2806-4E68-A1A1-88189F867046} = {0AB3BF05-4346-4AA6-1389-037BE0695223}
		{53D38F46-1779-4E83-B47B-B8127BD305A7} = {0AB3BF05-4346-4AA6-1389-037BE0695223}
		{E255315C-B6D7-4541-B8D3-D4016B79A620} = {827E0CD3-B72D-47B6-A68D-7590B98EB39B}
		{13FC5F72-165D-477E-BE98-05DAD3042CF2} = {827E0CD3-B72D-47B6-A68D-7590B98EB39B}
		{D6462EB5-C37B-4187-8265-6458EFBD68F6} = {827E0CD3-B72D-47B6-A68D-7590B98EB39B}
		{D2814F9F-967B-4A86-BD37-E3D4560D3416} = {0AB3BF05-4346-4AA6-1389-037BE0695223}
		{6DBF9357-CB6E-4B95-A503-FA20C105EA55} = {827E0CD3-B72D-47B6-A68D-7590B98EB39B}
		{D4CD6225-9C64-420B-B8A7-B8D349E354FC} = {0AB3BF05-4346-4AA6-1389-037BE0695223}
		{7F25EBB0-84C3-4C76-8405-A71390CE9E01} = {827E0CD3-B72D-47B6-A68D-7590B98EB39B}
		{BF7AE29B-77DC-42AF-B58E-A5F264A965D6} = {0AB3BF05-4346-4AA6-1389-037BE0695223}
		{C7978C62-EE33-418C-B303-E26407977E18} = {0AB3BF05-4346-4AA6-1389-037BE0695223}
		{3AE2C62A-1208-48E2-AD52-88B43AD9FF89} = {0AB3BF05-4346-4AA6-1389-037BE0695223}
		{A6D71A27-4E13-49B5-93A4-57C0F877B102} = {0AB3BF05-4346-4AA6-1389-037BE0695223}
		{CCFF1A46-71EB-4A87-B47E-CEA6FEFCCC26} = {827E0CD3-B72D-47B6-A68D-7590B98EB39B}
		{17F50838-EBF5-43B1-B69B-4C51A81CDFAC} = {0AB3BF05-4346-4AA6-1389-037BE0695223}
		{D33FB5C0-BDC2-479E-9E5D-5B454EA651AC} = {0AB3BF05-4346-4AA6-1389-037BE0695223}
		{3515931B-5C01-4797-99AF-7B00A92EE1C6} = {0AB3BF05-4346-4AA6-1389-037BE0695223}
	EndGlobalSection
	GlobalSection(ExtensibilityGlobals) = postSolution
		SolutionGuid = {05520B87-F372-43EA-8E99-DC2AA016452E}
	EndGlobalSection
EndGlobal
